
Microsoft Visual Studio Solution File, Format Version 11.00
# Visual Studio 2010
Project("{FAE04EC0-301F-11D3-BF4B-00C04F79EFBC}") = "SurveySite", "SurveySite\SurveySite.csproj", "{D63DD1E9-7C4B-4D78-AD7E-2EED0730175B}"
EndProject
Global
	GlobalSection(SolutionConfigurationPlatforms) = preSolution
		Debug|Any CPU = Debug|Any CPU
		Release|Any CPU = Release|Any CPU
	EndGlobalSection
	GlobalSection(ProjectConfigurationPlatforms) = postSolution
		{D63DD1E9-7C4B-4D78-AD7E-2EED0730175B}.Debug|Any CPU.ActiveCfg = Debug|Any CPU
		{D63DD1E9-7C4B-4D78-AD7E-2EED0730175B}.Debug|Any CPU.Build.0 = Debug|Any CPU
		{D63DD1E9-7C4B-4D78-AD7E-2EED0730175B}.Release|Any CPU.ActiveCfg = Release|Any CPU
		{D63DD1E9-7C4B-4D78-AD7E-2EED0730175B}.Release|Any CPU.Build.0 = Release|Any CPU
	EndGlobalSection
	GlobalSection(SolutionProperties) = preSolution
		HideSolutionNode = FALSE
	EndGlobalSection
EndGlobal
